
Microsoft Visual Studio Solution File, Format Version 12.00
# Visual Studio Version 17
VisualStudioVersion = 17.2.32602.215
MinimumVisualStudioVersion = 10.0.40219.1
Project("{FAE04EC0-301F-11D3-BF4B-00C04F79EFBC}") = "OnlineShop", "OnlineShop\OnlineShop.csproj", "{FFE13D3A-186A-4806-A695-E6B29C1DEB47}"
EndProject
Global
	GlobalSection(SolutionConfigurationPlatforms) = preSolution
		Debug|Any CPU = Debug|Any CPU
		Release|Any CPU = Release|Any CPU
	EndGlobalSection
	GlobalSection(ProjectConfigurationPlatforms) = postSolution
		{FFE13D3A-186A-4806-A695-E6B29C1DEB47}.Debug|Any CPU.ActiveCfg = Debug|Any CPU
		{FFE13D3A-186A-4806-A695-E6B29C1DEB47}.Debug|Any CPU.Build.0 = Debug|Any CPU
		{FFE13D3A-186A-4806-A695-E6B29C1DEB47}.Release|Any CPU.ActiveCfg = Release|Any CPU
		{FFE13D3A-186A-4806-A695-E6B29C1DEB47}.Release|Any CPU.Build.0 = Release|Any CPU
	EndGlobalSection
	GlobalSection(SolutionProperties) = preSolution
		HideSolutionNode = FALSE
	EndGlobalSection
	GlobalSection(ExtensibilityGlobals) = postSolution
		SolutionGuid = {C871CE8C-F82F-4405-B34A-68C66ECD14F6}
	EndGlobalSection
EndGlobal
